
Microsoft Visual Studio Solution File, Format Version 12.00
# Visual Studio Version 17
VisualStudioVersion = 17.5.33424.131
MinimumVisualStudioVersion = 10.0.40219.1
Project("{9A19103F-16F7-4668-BE54-9A1E7A4F7556}") = "logbox", "logbox.csproj", "{CD00AED1-6722-4B15-BB81-B71FEB2597EC}"
EndProject
Project("{FAE04EC0-301F-11D3-BF4B-00C04F79EFBC}") = "WinFormsLibrary", "..\WinFormsLibrary\WinFormsLibrary.csproj", "{ABC4FA3A-F8E3-4CD7-B9F3-9EE88A8F7136}"
EndProject
Global
	GlobalSection(SolutionConfigurationPlatforms) = preSolution
		Debug|Any CPU = Debug|Any CPU
		Release|Any CPU = Release|Any CPU
	EndGlobalSection
	GlobalSection(ProjectConfigurationPlatforms) = postSolution
		{CD00AED1-6722-4B15-BB81-B71FEB2597EC}.Debug|Any CPU.ActiveCfg = Debug|Any CPU
		{CD00AED1-6722-4B15-BB81-B71FEB2597EC}.Debug|Any CPU.Build.0 = Debug|Any CPU
		{CD00AED1-6722-4B15-BB81-B71FEB2597EC}.Release|Any CPU.ActiveCfg = Release|Any CPU
		{CD00AED1-6722-4B15-BB81-B71FEB2597EC}.Release|Any CPU.Build.0 = Release|Any CPU
		{ABC4FA3A-F8E3-4CD7-B9F3-9EE88A8F7136}.Debug|Any CPU.ActiveCfg = Debug|Any CPU
		{ABC4FA3A-F8E3-4CD7-B9F3-9EE88A8F7136}.Debug|Any CPU.Build.0 = Debug|Any CPU
		{ABC4FA3A-F8E3-4CD7-B9F3-9EE88A8F7136}.Release|Any CPU.ActiveCfg = Release|Any CPU
		{ABC4FA3A-F8E3-4CD7-B9F3-9EE88A8F7136}.Release|Any CPU.Build.0 = Release|Any CPU
	EndGlobalSection
	GlobalSection(SolutionProperties) = preSolution
		HideSolutionNode = FALSE
	EndGlobalSection
	GlobalSection(ExtensibilityGlobals) = postSolution
		SolutionGuid = {5FF31148-C4F0-496E-9194-F7525FAD67B8}
	EndGlobalSection
EndGlobal
